{
  "lockfile_version": "1",
  "packages": {
    "actionlint@latest": {
      "last_modified": "2026-06-27T07:37:20Z",
      "resolved": "github:NixOS/nixpkgs/3d46470bb3030020f7e1361f33514854f5bfa86d#actionlint",
      "source": "devbox-search",
      "version": "1.7.12",
      "systems": {
        "aarch64-darwin": {
          "outputs": [
            {
              "name": "out",
              "path": "/nix/store/9qj0ikkqv66k52xs8fywmnzyg8zn2svm-actionlint-1.7.12",
              "default": true
            }
          ],
          "store_path": "/nix/store/9qj0ikkqv66k52xs8fywmnzyg8zn2svm-actionlint-1.7.12"
        },
        "aarch64-linux": {
          "outputs": [
            {
              "name": "out",
              "path": "/nix/store/31js4yryr1yjq4waygdlv2k5w5ks0s0n-actionlint-1.7.12",
              "default": true
            }
          ],
          "store_path": "/nix/store/31js4yryr1yjq4waygdlv2k5w5ks0s0n-actionlint-1.7.12"
        },
        "x86_64-darwin": {
          "outputs": [
            {
              "name": "out",
              "path": "/nix/store/w4rjv0ikr5r5x54w758c8ck2016nmzsx-actionlint-1.7.12",
              "default": true
            }
          ],
          "store_path": "/nix/store/w4rjv0ikr5r5x54w758c8ck2016nmzsx-actionlint-1.7.12"
        },
        "x86_64-linux": {
          "outputs": [
            {
              "name": "out",
              "path": "/nix/store/20imjbvi2q6z691fd5acg20mfx3aqvkj-actionlint-1.7.12",
              "default": true
            }
          ],
          "store_path": "/nix/store/20imjbvi2q6z691fd5acg20mfx3aqvkj-actionlint-1.7.12"
        }
      }
    },
    "gh@latest": {
      "last_modified": "2026-06-27T07:37:20Z",
      "resolved": "github:NixOS/nixpkgs/3d46470bb3030020f7e1361f33514854f5bfa86d#gh",
      "source": "devbox-search",
      "version": "2.95.0",
      "systems": {
        "aarch64-darwin": {
          "outputs": [
            {
              "name": "out",
              "path": "/nix/store/bm42hwfaaxl52ggr5ykj51hbrinmg4ic-gh-2.95.0",
              "default": true
            }
          ],
          "store_path": "/nix/store/bm42hwfaaxl52ggr5ykj51hbrinmg4ic-gh-2.95.0"
        },
        "aarch64-linux": {
          "outputs": [
            {
              "name": "out",
              "path": "/nix/store/n7kbzdvnj09rbcvpxcb2ajzyglwn51wa-gh-2.95.0",
              "default": true
            }
          ],
          "store_path": "/nix/store/n7kbzdvnj09rbcvpxcb2ajzyglwn51wa-gh-2.95.0"
        },
        "x86_64-darwin": {
          "outputs": [
            {
              "name": "out",
              "path": "/nix/store/mf9vjs2xy59kg87iyywkzszy00cz6a4n-gh-2.95.0",
              "default": true
            }
          ],
          "store_path": "/nix/store/mf9vjs2xy59kg87iyywkzszy00cz6a4n-gh-2.95.0"
        },
        "x86_64-linux": {
          "outputs": [
            {
              "name": "out",
              "path": "/nix/store/k8213mqprqmxbcd4mdmvbnqzlir1hb21-gh-2.95.0",
              "default": true
            }
          ],
          "store_path": "/nix/store/k8213mqprqmxbcd4mdmvbnqzlir1hb21-gh-2.95.0"
        }
      }
    },
    "github:NixOS/nixpkgs/nixpkgs-unstable": {
      "last_modified": "2026-07-01T23:21:54Z",
      "resolved": "github:NixOS/nixpkgs/9e92285f211dad236540fd617d7e30e0b99bc0e1?lastModified=1782948114&narHash=sha256-AXmz9ho4Lud5CsbrZsuSVwpQZ4o5FgZ1chxBn5cJ8%2B0%3D"
    },
    "gitleaks@latest": {
      "last_modified": "2026-06-27T07:37:20Z",
      "resolved": "github:NixOS/nixpkgs/3d46470bb3030020f7e1361f33514854f5bfa86d#gitleaks",
      "source": "devbox-search",
      "version": "8.30.1",
      "systems": {
        "aarch64-darwin": {
          "outputs": [
            {
              "name": "out",
              "path": "/nix/store/2hxl4j3ahf6fv1jlv95kjsdgqw5a37ld-gitleaks-8.30.1",
              "default": true
            }
          ],
          "store_path": "/nix/store/2hxl4j3ahf6fv1jlv95kjsdgqw5a37ld-gitleaks-8.30.1"
        },
        "aarch64-linux": {
          "outputs": [
            {
              "name": "out",
              "path": "/nix/store/m0ip8d3dvw4a45lk0fl3d8cgs62h4b7d-gitleaks-8.30.1",
              "default": true
            }
          ],
          "store_path": "/nix/store/m0ip8d3dvw4a45lk0fl3d8cgs62h4b7d-gitleaks-8.30.1"
        },
        "x86_64-darwin": {
          "outputs": [
            {
              "name": "out",
              "path": "/nix/store/v5x4dkl13y4nxhcaq4xmrwkidy44gv9p-gitleaks-8.30.1",
              "default": true
            }
          ],
          "store_path": "/nix/store/v5x4dkl13y4nxhcaq4xmrwkidy44gv9p-gitleaks-8.30.1"
        },
        "x86_64-linux": {
          "outputs": [
            {
              "name": "out",
              "path": "/nix/store/zw09h0bzppnaldrxdzh3kh9vli9y64k0-gitleaks-8.30.1",
              "default": true
            }
          ],
          "store_path": "/nix/store/zw09h0bzppnaldrxdzh3kh9vli9y64k0-gitleaks-8.30.1"
        }
      }
    },
    "gitlint@latest": {
      "last_modified": "2026-06-27T07:37:20Z",
      "resolved": "github:NixOS/nixpkgs/3d46470bb3030020f7e1361f33514854f5bfa86d#gitlint",
      "source": "devbox-search",
      "version": "0.19.1",
      "systems": {
        "aarch64-darwin": {
          "outputs": [
            {
              "name": "out",
              "path": "/nix/store/3gw1ns18kdwl164xdpkmv0p9hyfcra6z-gitlint-0.19.1",
              "default": true
            },
            {
              "name": "dist",
              "path": "/nix/store/sfiin79rcsi61s5jvsmp94d0np9n3i2p-gitlint-0.19.1-dist"
            }
          ],
          "store_path": "/nix/store/3gw1ns18kdwl164xdpkmv0p9hyfcra6z-gitlint-0.19.1"
        },
        "aarch64-linux": {
          "outputs": [
            {
              "name": "out",
              "path": "/nix/store/7181qpcmkis5ghycl6bzxaf646dwgvpl-gitlint-0.19.1",
              "default": true
            },
            {
              "name": "dist",
              "path": "/nix/store/vvdh2pkdb2x2a4pyqrqc31c5bhz2ygjj-gitlint-0.19.1-dist"
            }
          ],
          "store_path": "/nix/store/7181qpcmkis5ghycl6bzxaf646dwgvpl-gitlint-0.19.1"
        },
        "x86_64-darwin": {
          "outputs": [
            {
              "name": "out",
              "path": "/nix/store/2lb70d33dl3vl37gl97vqgdq3sjfm0d2-gitlint-0.19.1",
              "default": true
            },
            {
              "name": "dist",
              "path": "/nix/store/lhf3ld2bnr82jzx9cz88q0gvhs56c2ws-gitlint-0.19.1-dist"
            }
          ],
          "store_path": "/nix/store/2lb70d33dl3vl37gl97vqgdq3sjfm0d2-gitlint-0.19.1"
        },
        "x86_64-linux": {
          "outputs": [
            {
              "name": "out",
              "path": "/nix/store/fskf6dcfpm8j4mlqc9qs6zbsn82kn878-gitlint-0.19.1",
              "default": true
            },
            {
              "name": "dist",
              "path": "/nix/store/ifjg9v4z3ml8lp43qhjpwq10nq3cwlw7-gitlint-0.19.1-dist"
            }
          ],
          "store_path": "/nix/store/fskf6dcfpm8j4mlqc9qs6zbsn82kn878-gitlint-0.19.1"
        }
      }
    },
    "go-task@latest": {
      "last_modified": "2026-06-27T07:37:20Z",
      "resolved": "github:NixOS/nixpkgs/3d46470bb3030020f7e1361f33514854f5bfa86d#go-task",
      "source": "devbox-search",
      "version": "3.48.0",
      "systems": {
        "aarch64-darwin": {
          "outputs": [
            {
              "name": "out",
              "path": "/nix/store/80bj596m0qh7lyh7f5cmfy6r2cif9i08-go-task-3.48.0",
              "default": true
            }
          ],
          "store_path": "/nix/store/80bj596m0qh7lyh7f5cmfy6r2cif9i08-go-task-3.48.0"
        },
        "aarch64-linux": {
          "outputs": [
            {
              "name": "out",
              "path": "/nix/store/cp9nkcbc9gpx527n258c2bglhc4b82w5-go-task-3.48.0",
              "default": true
            }
          ],
          "store_path": "/nix/store/cp9nkcbc9gpx527n258c2bglhc4b82w5-go-task-3.48.0"
        },
        "x86_64-darwin": {
          "outputs": [
            {
              "name": "out",
              "path": "/nix/store/q7mxf9b9kcphb3lxrzn4mqazb9nrvlnz-go-task-3.48.0",
              "default": true
            }
          ],
          "store_path": "/nix/store/q7mxf9b9kcphb3lxrzn4mqazb9nrvlnz-go-task-3.48.0"
        },
        "x86_64-linux": {
          "outputs": [
            {
              "name": "out",
              "path": "/nix/store/7fshm6glyd5vi331jjizidvn95lflpig-go-task-3.48.0",
              "default": true
            }
          ],
          "store_path": "/nix/store/7fshm6glyd5vi331jjizidvn95lflpig-go-task-3.48.0"
        }
      }
    },
    "go@1.26.4": {
      "last_modified": "2026-06-27T07:37:20Z",
      "resolved": "github:NixOS/nixpkgs/3d46470bb3030020f7e1361f33514854f5bfa86d#go",
      "source": "devbox-search",
      "version": "1.26.4",
      "systems": {
        "aarch64-darwin": {
          "outputs": [
            {
              "name": "out",
              "path": "/nix/store/kyai650rrywrzflnwda9mbk2c2j9w68r-go-1.26.4",
              "default": true
            }
          ],
          "store_path": "/nix/store/kyai650rrywrzflnwda9mbk2c2j9w68r-go-1.26.4"
        },
        "aarch64-linux": {
          "outputs": [
            {
              "name": "out",
              "path": "/nix/store/lgcj27hrbanbc93xm9zdrldds7b1jrw8-go-1.26.4",
              "default": true
            }
          ],
          "store_path": "/nix/store/lgcj27hrbanbc93xm9zdrldds7b1jrw8-go-1.26.4"
        },
        "x86_64-darwin": {
          "outputs": [
            {
              "name": "out",
              "path": "/nix/store/h0z6ghmi3cihlbm163d72xs9p9nn04a1-go-1.26.4",
              "default": true
            }
          ],
          "store_path": "/nix/store/h0z6ghmi3cihlbm163d72xs9p9nn04a1-go-1.26.4"
        },
        "x86_64-linux": {
          "outputs": [
            {
              "name": "out",
              "path": "/nix/store/gb0njhqswlc5n127ikgyikvq39r40l6f-go-1.26.4",
              "default": true
            }
          ],
          "store_path": "/nix/store/gb0njhqswlc5n127ikgyikvq39r40l6f-go-1.26.4"
        }
      }
    },
    "goreleaser@latest": {
      "last_modified": "2026-06-27T07:37:20Z",
      "resolved": "github:NixOS/nixpkgs/3d46470bb3030020f7e1361f33514854f5bfa86d#goreleaser",
      "source": "devbox-search",
      "version": "2.16.0",
      "systems": {
        "aarch64-darwin": {
          "outputs": [
            {
              "name": "out",
              "path": "/nix/store/q5lp6f6xlxlqhb6r1y0px1jrbpxnwvjj-goreleaser-2.16.0",
              "default": true
            }
          ],
          "store_path": "/nix/store/q5lp6f6xlxlqhb6r1y0px1jrbpxnwvjj-goreleaser-2.16.0"
        },
        "aarch64-linux": {
          "outputs": [
            {
              "name": "out",
              "path": "/nix/store/vmf03am0fy2fis2h17vrgm6lwaxl4y5m-goreleaser-2.16.0",
              "default": true
            }
          ],
          "store_path": "/nix/store/vmf03am0fy2fis2h17vrgm6lwaxl4y5m-goreleaser-2.16.0"
        },
        "x86_64-darwin": {
          "outputs": [
            {
              "name": "out",
              "path": "/nix/store/dwfgkx0ifzzfzxkdgavqdavizzn72afx-goreleaser-2.16.0",
              "default": true
            }
          ],
          "store_path": "/nix/store/dwfgkx0ifzzfzxkdgavqdavizzn72afx-goreleaser-2.16.0"
        },
        "x86_64-linux": {
          "outputs": [
            {
              "name": "out",
              "path": "/nix/store/psmqz670rg8rm4hqkfrf4s0k7f9364p5-goreleaser-2.16.0",
              "default": true
            }
          ],
          "store_path": "/nix/store/psmqz670rg8rm4hqkfrf4s0k7f9364p5-goreleaser-2.16.0"
        }
      }
    },
    "jq@latest": {
      "last_modified": "2026-06-29T19:19:24Z",
      "resolved": "github:NixOS/nixpkgs/7a1a64774a5fd0b0cd39ac95d0e170ace8b266a0#jq",
      "source": "devbox-search",
      "version": "1.8.1",
      "systems": {
        "aarch64-darwin": {
          "outputs": [
            {
              "name": "bin",
              "path": "/nix/store/n9ri7m7j3l3ggx7ag8xm87cavjvcxycz-jq-1.8.1-bin",
              "default": true
            },
            {
              "name": "man",
              "path": "/nix/store/0l8f1i70kd15qadl45b4fvqlg2j7s5hn-jq-1.8.1-man",
              "default": true
            },
            {
              "name": "dev",
              "path": "/nix/store/pfp4psnwxs2ygda5sq6sr95x2snn6yjl-jq-1.8.1-dev"
            },
            {
              "name": "doc",
              "path": "/nix/store/6va29c6s0v4kqi0zvc5jhn7s31c9i4hd-jq-1.8.1-doc"
            },
            {
              "name": "out",
              "path": "/nix/store/phmsnvxjh6rmf7id4wahi3vllbj8fn4s-jq-1.8.1"
            }
          ],
          "store_path": "/nix/store/n9ri7m7j3l3ggx7ag8xm87cavjvcxycz-jq-1.8.1-bin"
        },
        "aarch64-linux": {
          "outputs": [
            {
              "name": "bin",
              "path": "/nix/store/hmwz4mnhiwyy1zyrypbdk6xqrxrpv4jp-jq-1.8.1-bin",
              "default": true
            },
            {
              "name": "man",
              "path": "/nix/store/iy9j5qqv7bkf0fnwh6pddfbk5q93i3nh-jq-1.8.1-man",
              "default": true
            },
            {
              "name": "dev",
              "path": "/nix/store/gkincbg9wkmasrxw36mmyvp08jyhcxxg-jq-1.8.1-dev"
            },
            {
              "name": "doc",
              "path": "/nix/store/vh84k872pnn2xavlx9j551056k1h579f-jq-1.8.1-doc"
            },
            {
              "name": "out",
              "path": "/nix/store/cs80rizzqf70hsya9n2h60zj9rf23sr5-jq-1.8.1"
            }
          ],
          "store_path": "/nix/store/hmwz4mnhiwyy1zyrypbdk6xqrxrpv4jp-jq-1.8.1-bin"
        },
        "x86_64-darwin": {
          "outputs": [
            {
              "name": "bin",
              "path": "/nix/store/glj1kzrb6jm7x4r5z400mcmja8ws657q-jq-1.8.1-bin",
              "default": true
            },
            {
              "name": "man",
              "path": "/nix/store/vpk901871j7kfmmb20i1vfxh5d8mhim2-jq-1.8.1-man",
              "default": true
            },
            {
              "name": "dev",
              "path": "/nix/store/akbah2c4a6xcgpx2l7xqqgfbxgi8anfj-jq-1.8.1-dev"
            },
            {
              "name": "doc",
              "path": "/nix/store/jb2xgi4gjvzwifzfmf4kzkimbgrhsaav-jq-1.8.1-doc"
            },
            {
              "name": "out",
              "path": "/nix/store/l4i89frkjf4dly7gxwbksrcimcgr2x8f-jq-1.8.1"
            }
          ],
          "store_path": "/nix/store/glj1kzrb6jm7x4r5z400mcmja8ws657q-jq-1.8.1-bin"
        },
        "x86_64-linux": {
          "outputs": [
            {
              "name": "bin",
              "path": "/nix/store/q0pj1dw2nr57y6b4pqljklf0hy20alfj-jq-1.8.1-bin",
              "default": true
            },
            {
              "name": "man",
              "path": "/nix/store/d21dmfzxkgpa7jkn5ggr0balzfg0j269-jq-1.8.1-man",
              "default": true
            },
            {
              "name": "dev",
              "path": "/nix/store/3vavalljj18drsycygl361zqz4rryygd-jq-1.8.1-dev"
            },
            {
              "name": "doc",
              "path": "/nix/store/nzhykmz9qn2vrb9ki6ddrpipic7rfpfb-jq-1.8.1-doc"
            },
            {
              "name": "out",
              "path": "/nix/store/bzm6nb8fx5p005bygrarn48i6qy1ir3a-jq-1.8.1"
            }
          ],
          "store_path": "/nix/store/q0pj1dw2nr57y6b4pqljklf0hy20alfj-jq-1.8.1-bin"
        }
      }
    },
    "jsonfmt@latest": {
      "last_modified": "2026-06-27T07:37:20Z",
      "resolved": "github:NixOS/nixpkgs/3d46470bb3030020f7e1361f33514854f5bfa86d#jsonfmt",
      "source": "devbox-search",
      "version": "0.5.2",
      "systems": {
        "aarch64-darwin": {
          "outputs": [
            {
              "name": "out",
              "path": "/nix/store/g27d419cnhfgsd0c8mnczvvrm8b4awqp-jsonfmt-0.5.2",
              "default": true
            }
          ],
          "store_path": "/nix/store/g27d419cnhfgsd0c8mnczvvrm8b4awqp-jsonfmt-0.5.2"
        },
        "aarch64-linux": {
          "outputs": [
            {
              "name": "out",
              "path": "/nix/store/lan42qb3m24d54g9iig6h7k1rl4riqag-jsonfmt-0.5.2",
              "default": true
            }
          ],
          "store_path": "/nix/store/lan42qb3m24d54g9iig6h7k1rl4riqag-jsonfmt-0.5.2"
        },
        "x86_64-darwin": {
          "outputs": [
            {
              "name": "out",
              "path": "/nix/store/8xc3z4krl4iw4wpbwxhp51vp0f51l9al-jsonfmt-0.5.2",
              "default": true
            }
          ],
          "store_path": "/nix/store/8xc3z4krl4iw4wpbwxhp51vp0f51l9al-jsonfmt-0.5.2"
        },
        "x86_64-linux": {
          "outputs": [
            {
              "name": "out",
              "path": "/nix/store/3h3dwfjiagkw05fyk74kcng0ddk77pia-jsonfmt-0.5.2",
              "default": true
            }
          ],
          "store_path": "/nix/store/3h3dwfjiagkw05fyk74kcng0ddk77pia-jsonfmt-0.5.2"
        }
      }
    },
    "markdownlint-cli@latest": {
      "last_modified": "2026-06-27T07:37:20Z",
      "resolved": "github:NixOS/nixpkgs/3d46470bb3030020f7e1361f33514854f5bfa86d#markdownlint-cli",
      "source": "devbox-search",
      "version": "0.49.0",
      "systems": {
        "aarch64-darwin": {
          "outputs": [
            {
              "name": "out",
              "path": "/nix/store/wlni0kd8z5n1gnagssvk6j82fw0q3bck-markdownlint-cli-0.49.0",
              "default": true
            }
          ],
          "store_path": "/nix/store/wlni0kd8z5n1gnagssvk6j82fw0q3bck-markdownlint-cli-0.49.0"
        },
        "aarch64-linux": {
          "outputs": [
            {
              "name": "out",
              "path": "/nix/store/3khdl7ghxf7rqly5kx3qbsfndk074y67-markdownlint-cli-0.49.0",
              "default": true
            }
          ],
          "store_path": "/nix/store/3khdl7ghxf7rqly5kx3qbsfndk074y67-markdownlint-cli-0.49.0"
        },
        "x86_64-darwin": {
          "outputs": [
            {
              "name": "out",
              "path": "/nix/store/fkmiv67anvs9r8fv0fzr5f4741vzq3id-markdownlint-cli-0.49.0",
              "default": true
            }
          ],
          "store_path": "/nix/store/fkmiv67anvs9r8fv0fzr5f4741vzq3id-markdownlint-cli-0.49.0"
        },
        "x86_64-linux": {
          "outputs": [
            {
              "name": "out",
              "path": "/nix/store/8wrv1dzf7qr39f11h9h76q9nkphww7lq-markdownlint-cli-0.49.0",
              "default": true
            }
          ],
          "store_path": "/nix/store/8wrv1dzf7qr39f11h9h76q9nkphww7lq-markdownlint-cli-0.49.0"
        }
      }
    },
    "python@3.14.4": {
      "last_modified": "2026-06-27T07:37:20Z",
      "plugin_version": "0.0.5",
      "resolved": "github:NixOS/nixpkgs/3d46470bb3030020f7e1361f33514854f5bfa86d#python314",
      "source": "devbox-search",
      "version": "3.14.4",
      "systems": {
        "aarch64-darwin": {
          "outputs": [
            {
              "name": "out",
              "path": "/nix/store/bz7r3a1x3xby7ilac2ngzwr0szf3yzxc-python3-3.14.4",
              "default": true
            }
          ],
          "store_path": "/nix/store/bz7r3a1x3xby7ilac2ngzwr0szf3yzxc-python3-3.14.4"
        },
        "aarch64-linux": {
          "outputs": [
            {
              "name": "out",
              "path": "/nix/store/fj2lkfaqsccpsgwmzrv921asxzsp1iin-python3-3.14.4",
              "default": true
            },
            {
              "name": "debug",
              "path": "/nix/store/8sggbkg072yim06lsbggkiwc84z28cj9-python3-3.14.4-debug"
            }
          ],
          "store_path": "/nix/store/fj2lkfaqsccpsgwmzrv921asxzsp1iin-python3-3.14.4"
        },
        "x86_64-darwin": {
          "outputs": [
            {
              "name": "out",
              "path": "/nix/store/dz3vgh7m1dsj9c3ahn1ab6wqpnz9bbww-python3-3.14.4",
              "default": true
            }
          ],
          "store_path": "/nix/store/dz3vgh7m1dsj9c3ahn1ab6wqpnz9bbww-python3-3.14.4"
        },
        "x86_64-linux": {
          "outputs": [
            {
              "name": "out",
              "path": "/nix/store/fk8c5cqd0npblqv1mcd8swhkcbng84qr-python3-3.14.4",
              "default": true
            },
            {
              "name": "debug",
              "path": "/nix/store/y6nmlnw8360r8lma5bjnp07vl9r4l07g-python3-3.14.4-debug"
            }
          ],
          "store_path": "/nix/store/fk8c5cqd0npblqv1mcd8swhkcbng84qr-python3-3.14.4"
        }
      }
    },
    "shellcheck@latest": {
      "last_modified": "2026-06-27T07:37:20Z",
      "resolved": "github:NixOS/nixpkgs/3d46470bb3030020f7e1361f33514854f5bfa86d#shellcheck",
      "source": "devbox-search",
      "version": "0.11.0",
      "systems": {
        "aarch64-darwin": {
          "outputs": [
            {
              "name": "bin",
              "path": "/nix/store/py6hpk9rm5vh16dn0sifa3wpmsl0kl67-shellcheck-0.11.0-bin",
              "default": true
            },
            {
              "name": "man",
              "path": "/nix/store/lwd2gr8083jfif5xb8h7jj396dvr6kdd-shellcheck-0.11.0-man",
              "default": true
            },
            {
              "name": "doc",
              "path": "/nix/store/bf4yd8vzhafk7nknzjjz5awvkqvyfspc-shellcheck-0.11.0-doc",
              "default": true
            },
            {
              "name": "out",
              "path": "/nix/store/7qi1h6hbr1ybpz9xyh4j38vrki1xc2z4-shellcheck-0.11.0"
            }
          ],
          "store_path": "/nix/store/py6hpk9rm5vh16dn0sifa3wpmsl0kl67-shellcheck-0.11.0-bin"
        },
        "aarch64-linux": {
          "outputs": [
            {
              "name": "bin",
              "path": "/nix/store/ydbg36fc5vvgc4k60d38vj95741wvv28-shellcheck-0.11.0-bin",
              "default": true
            },
            {
              "name": "man",
              "path": "/nix/store/l3202mccjm3iz9m0myddbmvhiy8nkp9m-shellcheck-0.11.0-man",
              "default": true
            },
            {
              "name": "doc",
              "path": "/nix/store/dmj404h7ac342mrnj5dfdych83cd6r6c-shellcheck-0.11.0-doc",
              "default": true
            },
            {
              "name": "out",
              "path": "/nix/store/yyy8s43483p5ww6v09kal0kidb7kxvmk-shellcheck-0.11.0"
            }
          ],
          "store_path": "/nix/store/ydbg36fc5vvgc4k60d38vj95741wvv28-shellcheck-0.11.0-bin"
        },
        "x86_64-darwin": {
          "outputs": [
            {
              "name": "bin",
              "path": "/nix/store/68yldspq5p1gxa79ghprb1njskk36ax2-shellcheck-0.11.0-bin",
              "default": true
            },
            {
              "name": "man",
              "path": "/nix/store/90d8x14kmdq8fa12d5azjwdnp4z55q8b-shellcheck-0.11.0-man",
              "default": true
            },
            {
              "name": "doc",
              "path": "/nix/store/4sk9v7wwdh2sia6wi3rknvvvm52wqg6r-shellcheck-0.11.0-doc",
              "default": true
            },
            {
              "name": "out",
              "path": "/nix/store/crl9a7fkfbpjbzgwj5nwpj57bmj7z940-shellcheck-0.11.0"
            }
          ],
          "store_path": "/nix/store/68yldspq5p1gxa79ghprb1njskk36ax2-shellcheck-0.11.0-bin"
        },
        "x86_64-linux": {
          "outputs": [
            {
              "name": "bin",
              "path": "/nix/store/vwvvnr1qxpwn0vffbsn8bkviqcgicizr-shellcheck-0.11.0-bin",
              "default": true
            },
            {
              "name": "man",
              "path": "/nix/store/g6cz58h4p7dasw30y0qrk0xwdp5595qv-shellcheck-0.11.0-man",
              "default": true
            },
            {
              "name": "doc",
              "path": "/nix/store/wm6ncb99697pw9px9dpnx4vdq7mjskq2-shellcheck-0.11.0-doc",
              "default": true
            },
            {
              "name": "out",
              "path": "/nix/store/gykrz50q65f9jrljvd9bds46irfbd0bh-shellcheck-0.11.0"
            }
          ],
          "store_path": "/nix/store/vwvvnr1qxpwn0vffbsn8bkviqcgicizr-shellcheck-0.11.0-bin"
        }
      }
    },
    "shfmt@latest": {
      "last_modified": "2026-06-27T07:37:20Z",
      "resolved": "github:NixOS/nixpkgs/3d46470bb3030020f7e1361f33514854f5bfa86d#shfmt",
      "source": "devbox-search",
      "version": "3.13.1",
      "systems": {
        "aarch64-darwin": {
          "outputs": [
            {
              "name": "out",
              "path": "/nix/store/0d3mnah45qb1nipw6c4zxsg9vmqz6psw-shfmt-3.13.1",
              "default": true
            }
          ],
          "store_path": "/nix/store/0d3mnah45qb1nipw6c4zxsg9vmqz6psw-shfmt-3.13.1"
        },
        "aarch64-linux": {
          "outputs": [
            {
              "name": "out",
              "path": "/nix/store/1cc9fk9m0mmkr0wq22r4lb6q9081qzdf-shfmt-3.13.1",
              "default": true
            }
          ],
          "store_path": "/nix/store/1cc9fk9m0mmkr0wq22r4lb6q9081qzdf-shfmt-3.13.1"
        },
        "x86_64-darwin": {
          "outputs": [
            {
              "name": "out",
              "path": "/nix/store/hqsdrlfqs8f1lg6m5c0av219sjpwfai9-shfmt-3.13.1",
              "default": true
            }
          ],
          "store_path": "/nix/store/hqsdrlfqs8f1lg6m5c0av219sjpwfai9-shfmt-3.13.1"
        },
        "x86_64-linux": {
          "outputs": [
            {
              "name": "out",
              "path": "/nix/store/2pk011vmyhh7hmc5cqgm7ixirckh48ml-shfmt-3.13.1",
              "default": true
            }
          ],
          "store_path": "/nix/store/2pk011vmyhh7hmc5cqgm7ixirckh48ml-shfmt-3.13.1"
        }
      }
    },
    "syft@latest": {
      "last_modified": "2026-06-28T08:48:41Z",
      "resolved": "github:NixOS/nixpkgs/e1c1b84752fb0897897380a3cae9dc7fcab91ca3#syft",
      "source": "devbox-search",
      "version": "1.46.0",
      "systems": {
        "aarch64-darwin": {
          "outputs": [
            {
              "name": "out",
              "path": "/nix/store/79janmy51agw5wvp2b4wiq4ag4kdhx1a-syft-1.46.0",
              "default": true
            }
          ],
          "store_path": "/nix/store/79janmy51agw5wvp2b4wiq4ag4kdhx1a-syft-1.46.0"
        },
        "aarch64-linux": {
          "outputs": [
            {
              "name": "out",
              "path": "/nix/store/ycizbd3basskdap35i9r5rdcmzkrqd4n-syft-1.46.0",
              "default": true
            }
          ],
          "store_path": "/nix/store/ycizbd3basskdap35i9r5rdcmzkrqd4n-syft-1.46.0"
        },
        "x86_64-darwin": {
          "outputs": [
            {
              "name": "out",
              "path": "/nix/store/gddczyywwl47ni4b1mysniqdfpfgvy41-syft-1.46.0",
              "default": true
            }
          ],
          "store_path": "/nix/store/gddczyywwl47ni4b1mysniqdfpfgvy41-syft-1.46.0"
        },
        "x86_64-linux": {
          "outputs": [
            {
              "name": "out",
              "path": "/nix/store/hgixi1h0k40xa4wvp5bfqn9a0yd16fvm-syft-1.46.0",
              "default": true
            }
          ],
          "store_path": "/nix/store/hgixi1h0k40xa4wvp5bfqn9a0yd16fvm-syft-1.46.0"
        }
      }
    },
    "uv@0.11.19": {
      "last_modified": "2026-06-11T01:27:03Z",
      "resolved": "github:NixOS/nixpkgs/b503dde361500433ca25a32e8f4d218bf58fb659#uv",
      "source": "devbox-search",
      "version": "0.11.19",
      "systems": {
        "aarch64-darwin": {
          "outputs": [
            {
              "name": "out",
              "path": "/nix/store/85f6iib2zbi10bkkimkazkin1iv2b7nc-uv-0.11.19",
              "default": true
            }
          ],
          "store_path": "/nix/store/85f6iib2zbi10bkkimkazkin1iv2b7nc-uv-0.11.19"
        },
        "aarch64-linux": {
          "outputs": [
            {
              "name": "out",
              "path": "/nix/store/d247y1hg4d7hb38h3bnb6r503qy2ky78-uv-0.11.19",
              "default": true
            }
          ],
          "store_path": "/nix/store/d247y1hg4d7hb38h3bnb6r503qy2ky78-uv-0.11.19"
        },
        "x86_64-darwin": {
          "outputs": [
            {
              "name": "out",
              "path": "/nix/store/285wms6br1rpnjydfl1x1qd82bvvrhc1-uv-0.11.19",
              "default": true
            }
          ],
          "store_path": "/nix/store/285wms6br1rpnjydfl1x1qd82bvvrhc1-uv-0.11.19"
        },
        "x86_64-linux": {
          "outputs": [
            {
              "name": "out",
              "path": "/nix/store/2xqsvim09lc968bc67w0jvxpp2j4lfm5-uv-0.11.19",
              "default": true
            }
          ],
          "store_path": "/nix/store/2xqsvim09lc968bc67w0jvxpp2j4lfm5-uv-0.11.19"
        }
      }
    },
    "yamlfmt@latest": {
      "last_modified": "2026-06-27T07:37:20Z",
      "resolved": "github:NixOS/nixpkgs/3d46470bb3030020f7e1361f33514854f5bfa86d#yamlfmt",
      "source": "devbox-search",
      "version": "0.21.0",
      "systems": {
        "aarch64-darwin": {
          "outputs": [
            {
              "name": "out",
              "path": "/nix/store/vxlddfbkny55582d2gz2r2vljqssqwqk-yamlfmt-0.21.0",
              "default": true
            }
          ],
          "store_path": "/nix/store/vxlddfbkny55582d2gz2r2vljqssqwqk-yamlfmt-0.21.0"
        },
        "aarch64-linux": {
          "outputs": [
            {
              "name": "out",
              "path": "/nix/store/f42ayl485bnkqw3qv2l5q62mr1ybmhmn-yamlfmt-0.21.0",
              "default": true
            }
          ],
          "store_path": "/nix/store/f42ayl485bnkqw3qv2l5q62mr1ybmhmn-yamlfmt-0.21.0"
        },
        "x86_64-darwin": {
          "outputs": [
            {
              "name": "out",
              "path": "/nix/store/w4r1x3kj0qr0cb5kqbfs0zywr0klf6b0-yamlfmt-0.21.0",
              "default": true
            }
          ],
          "store_path": "/nix/store/w4r1x3kj0qr0cb5kqbfs0zywr0klf6b0-yamlfmt-0.21.0"
        },
        "x86_64-linux": {
          "outputs": [
            {
              "name": "out",
              "path": "/nix/store/4za7wxd1rviajxjfjxx6qbzfy8h6ax45-yamlfmt-0.21.0",
              "default": true
            }
          ],
          "store_path": "/nix/store/4za7wxd1rviajxjfjxx6qbzfy8h6ax45-yamlfmt-0.21.0"
        }
      }
    },
    "yq-go@latest": {
      "last_modified": "2026-06-27T07:37:20Z",
      "resolved": "github:NixOS/nixpkgs/3d46470bb3030020f7e1361f33514854f5bfa86d#yq-go",
      "source": "devbox-search",
      "version": "4.53.3",
      "systems": {
        "aarch64-darwin": {
          "outputs": [
            {
              "name": "out",
              "path": "/nix/store/lpf51yzqr105clhg4c4vyn2blyai4axn-yq-go-4.53.3",
              "default": true
            }
          ],
          "store_path": "/nix/store/lpf51yzqr105clhg4c4vyn2blyai4axn-yq-go-4.53.3"
        },
        "aarch64-linux": {
          "outputs": [
            {
              "name": "out",
              "path": "/nix/store/hnn92zxywj73282qrq31ha89drv13244-yq-go-4.53.3",
              "default": true
            }
          ],
          "store_path": "/nix/store/hnn92zxywj73282qrq31ha89drv13244-yq-go-4.53.3"
        },
        "x86_64-darwin": {
          "outputs": [
            {
              "name": "out",
              "path": "/nix/store/agf9fyr053m3092vsmh6vih3apz0kw05-yq-go-4.53.3",
              "default": true
            }
          ],
          "store_path": "/nix/store/agf9fyr053m3092vsmh6vih3apz0kw05-yq-go-4.53.3"
        },
        "x86_64-linux": {
          "outputs": [
            {
              "name": "out",
              "path": "/nix/store/sky6728rldnq9yzvljy25d1l6k7y1saj-yq-go-4.53.3",
              "default": true
            }
          ],
          "store_path": "/nix/store/sky6728rldnq9yzvljy25d1l6k7y1saj-yq-go-4.53.3"
        }
      }
    }
  }
}
